
Microsoft Visual Studio Solution File, Format Version 12.00
# Visual Studio Version 16
VisualStudioVersion = 16.0.30611.23
MinimumVisualStudioVersion = 10.0.40219.1
Project("{8BC9CEB8-8B4A-11D0-8D11-00A0C91BC942}") = "Programming15B", "Programming15B\Programming15B.vcxproj", "{56553359-C357-48DD-9451-08CCE7236FDD}"
EndProject
Global
	GlobalSection(SolutionConfigurationPlatforms) = preSolution
		Debug|x64 = Debug|x64
		Debug|x86 = Debug|x86
		Release|x64 = Release|x64
		Release|x86 = Release|x86
	EndGlobalSection
	GlobalSection(ProjectConfigurationPlatforms) = postSolution
		{56553359-C357-48DD-9451-08CCE7236FDD}.Debug|x64.ActiveCfg = Debug|x64
		{56553359-C357-48DD-9451-08CCE7236FDD}.Debug|x64.Build.0 = Debug|x64
		{56553359-C357-48DD-9451-08CCE7236FDD}.Debug|x86.ActiveCfg = Debug|Win32
		{56553359-C357-48DD-9451-08CCE7236FDD}.Debug|x86.Build.0 = Debug|Win32
		{56553359-C357-48DD-9451-08CCE7236FDD}.Release|x64.ActiveCfg = Release|x64
		{56553359-C357-48DD-9451-08CCE7236FDD}.Release|x64.Build.0 = Release|x64
		{56553359-C357-48DD-9451-08CCE7236FDD}.Release|x86.ActiveCfg = Release|Win32
		{56553359-C357-48DD-9451-08CCE7236FDD}.Release|x86.Build.0 = Release|Win32
	EndGlobalSection
	GlobalSection(SolutionProperties) = preSolution
		HideSolutionNode = FALSE
	EndGlobalSection
	GlobalSection(ExtensibilityGlobals) = postSolution
		SolutionGuid = {129D96A6-BBC5-4491-BF26-1D0A2562D2D9}
	EndGlobalSection
EndGlobal
